
Microsoft Visual Studio Solution File, Format Version 12.00
# Visual Studio Version 17
VisualStudioVersion = 17.0.31912.275
MinimumVisualStudioVersion = 10.0.40219.1
Project("{FAE04EC0-301F-11D3-BF4B-00C04F79EFBC}") = "CsRay", "CSRay\CsRay.csproj", "{DD54646C-27E7-4BDB-BB70-0B151E3F13BC}"
EndProject
Project("{FAE04EC0-301F-11D3-BF4B-00C04F79EFBC}") = "ImageTextureSample", "ImageTextureSample\ImageTextureSample.csproj", "{B2D7A13B-07C9-46EC-BF3C-C5BCAADF23BE}"
EndProject
Global
	GlobalSection(SolutionConfigurationPlatforms) = preSolution
		Debug|Any CPU = Debug|Any CPU
		Release|Any CPU = Release|Any CPU
	EndGlobalSection
	GlobalSection(ProjectConfigurationPlatforms) = postSolution
		{DD54646C-27E7-4BDB-BB70-0B151E3F13BC}.Debug|Any CPU.ActiveCfg = Debug|Any CPU
		{DD54646C-27E7-4BDB-BB70-0B151E3F13BC}.Debug|Any CPU.Build.0 = Debug|Any CPU
		{DD54646C-27E7-4BDB-BB70-0B151E3F13BC}.Release|Any CPU.ActiveCfg = Release|Any CPU
		{DD54646C-27E7-4BDB-BB70-0B151E3F13BC}.Release|Any CPU.Build.0 = Release|Any CPU
		{B2D7A13B-07C9-46EC-BF3C-C5BCAADF23BE}.Debug|Any CPU.ActiveCfg = Debug|Any CPU
		{B2D7A13B-07C9-46EC-BF3C-C5BCAADF23BE}.Debug|Any CPU.Build.0 = Debug|Any CPU
		{B2D7A13B-07C9-46EC-BF3C-C5BCAADF23BE}.Release|Any CPU.ActiveCfg = Release|Any CPU
		{B2D7A13B-07C9-46EC-BF3C-C5BCAADF23BE}.Release|Any CPU.Build.0 = Release|Any CPU
	EndGlobalSection
	GlobalSection(SolutionProperties) = preSolution
		HideSolutionNode = FALSE
	EndGlobalSection
	GlobalSection(ExtensibilityGlobals) = postSolution
		SolutionGuid = {0C24E4D7-9A42-40E5-ACA3-14D9F0E4242E}
	EndGlobalSection
EndGlobal
